
Microsoft Visual Studio Solution File, Format Version 12.00
# Visual Studio Version 16
VisualStudioVersion = 16.0.31911.196
MinimumVisualStudioVersion = 10.0.40219.1
Project("{FAE04EC0-301F-11D3-BF4B-00C04F79EFBC}") = "TestAppEmail", "TestAppEmail\TestAppEmail.csproj", "{10EFABC4-D8ED-42BB-BC04-3AB8E362390E}"
EndProject
Global
	GlobalSection(SolutionConfigurationPlatforms) = preSolution
		Debug|Any CPU = Debug|Any CPU
		Release|Any CPU = Release|Any CPU
	EndGlobalSection
	GlobalSection(ProjectConfigurationPlatforms) = postSolution
		{10EFABC4-D8ED-42BB-BC04-3AB8E362390E}.Debug|Any CPU.ActiveCfg = Debug|Any CPU
		{10EFABC4-D8ED-42BB-BC04-3AB8E362390E}.Debug|Any CPU.Build.0 = Debug|Any CPU
		{10EFABC4-D8ED-42BB-BC04-3AB8E362390E}.Release|Any CPU.ActiveCfg = Release|Any CPU
		{10EFABC4-D8ED-42BB-BC04-3AB8E362390E}.Release|Any CPU.Build.0 = Release|Any CPU
	EndGlobalSection
	GlobalSection(SolutionProperties) = preSolution
		HideSolutionNode = FALSE
	EndGlobalSection
	GlobalSection(ExtensibilityGlobals) = postSolution
		SolutionGuid = {74AA1016-04CE-49E4-A561-F3E12080C874}
	EndGlobalSection
EndGlobal
